
Microsoft Visual Studio Solution File, Format Version 12.00
# Visual Studio 14
VisualStudioVersion = 14.0.24720.0
MinimumVisualStudioVersion = 10.0.40219.1
Project("{8BC9CEB8-8B4A-11D0-8D11-00A0C91BC942}") = "WindowsClassic", "WindowsClassic\WindowsClassic.vcxproj", "{FF1E21CB-1236-47B1-8D36-9A58ED5E9000}"
EndProject
Global
	GlobalSection(SolutionConfigurationPlatforms) = preSolution
		Debug (Classic Test)|x64 = Debug (Classic Test)|x64
		Debug (Classic Test)|x86 = Debug (Classic Test)|x86
		Debug (RealWinVer)|x64 = Debug (RealWinVer)|x64
		Debug (RealWinVer)|x86 = Debug (RealWinVer)|x86
		Debug|x64 = Debug|x64
		Debug|x86 = Debug|x86
		Release (Classic Test)|x64 = Release (Classic Test)|x64
		Release (Classic Test)|x86 = Release (Classic Test)|x86
		Release (RealWinVer)|x64 = Release (RealWinVer)|x64
		Release (RealWinVer)|x86 = Release (RealWinVer)|x86
		Release|x64 = Release|x64
		Release|x86 = Release|x86
	EndGlobalSection
	GlobalSection(ProjectConfigurationPlatforms) = postSolution
		{FF1E21CB-1236-47B1-8D36-9A58ED5E9000}.Debug (Classic Test)|x64.ActiveCfg = Debug (Classic Test)|x64
		{FF1E21CB-1236-47B1-8D36-9A58ED5E9000}.Debug (Classic Test)|x64.Build.0 = Debug (Classic Test)|x64
		{FF1E21CB-1236-47B1-8D36-9A58ED5E9000}.Debug (Classic Test)|x86.ActiveCfg = Debug (Classic Test)|Win32
		{FF1E21CB-1236-47B1-8D36-9A58ED5E9000}.Debug (Classic Test)|x86.Build.0 = Debug (Classic Test)|Win32
		{FF1E21CB-1236-47B1-8D36-9A58ED5E9000}.Debug (RealWinVer)|x64.ActiveCfg = Debug (RealWinVer)|x64
		{FF1E21CB-1236-47B1-8D36-9A58ED5E9000}.Debug (RealWinVer)|x64.Build.0 = Debug (RealWinVer)|x64
		{FF1E21CB-1236-47B1-8D36-9A58ED5E9000}.Debug (RealWinVer)|x86.ActiveCfg = Debug (RealWinVer)|Win32
		{FF1E21CB-1236-47B1-8D36-9A58ED5E9000}.Debug (RealWinVer)|x86.Build.0 = Debug (RealWinVer)|Win32
		{FF1E21CB-1236-47B1-8D36-9A58ED5E9000}.Debug|x64.ActiveCfg = Debug|x64
		{FF1E21CB-1236-47B1-8D36-9A58ED5E9000}.Debug|x64.Build.0 = Debug|x64
		{FF1E21CB-1236-47B1-8D36-9A58ED5E9000}.Debug|x86.ActiveCfg = Debug|Win32
		{FF1E21CB-1236-47B1-8D36-9A58ED5E9000}.Debug|x86.Build.0 = Debug|Win32
		{FF1E21CB-1236-47B1-8D36-9A58ED5E9000}.Release (Classic Test)|x64.ActiveCfg = Release (Classic Test)|x64
		{FF1E21CB-1236-47B1-8D36-9A58ED5E9000}.Release (Classic Test)|x64.Build.0 = Release (Classic Test)|x64
		{FF1E21CB-1236-47B1-8D36-9A58ED5E9000}.Release (Classic Test)|x86.ActiveCfg = Release (Classic Test)|Win32
		{FF1E21CB-1236-47B1-8D36-9A58ED5E9000}.Release (Classic Test)|x86.Build.0 = Release (Classic Test)|Win32
		{FF1E21CB-1236-47B1-8D36-9A58ED5E9000}.Release (RealWinVer)|x64.ActiveCfg = Release (RealWinVer)|x64
		{FF1E21CB-1236-47B1-8D36-9A58ED5E9000}.Release (RealWinVer)|x64.Build.0 = Release (RealWinVer)|x64
		{FF1E21CB-1236-47B1-8D36-9A58ED5E9000}.Release (RealWinVer)|x86.ActiveCfg = Release (RealWinVer)|Win32
		{FF1E21CB-1236-47B1-8D36-9A58ED5E9000}.Release (RealWinVer)|x86.Build.0 = Release (RealWinVer)|Win32
		{FF1E21CB-1236-47B1-8D36-9A58ED5E9000}.Release|x64.ActiveCfg = Release|x64
		{FF1E21CB-1236-47B1-8D36-9A58ED5E9000}.Release|x64.Build.0 = Release|x64
		{FF1E21CB-1236-47B1-8D36-9A58ED5E9000}.Release|x86.ActiveCfg = Release|Win32
		{FF1E21CB-1236-47B1-8D36-9A58ED5E9000}.Release|x86.Build.0 = Release|Win32
	EndGlobalSection
	GlobalSection(SolutionProperties) = preSolution
		HideSolutionNode = FALSE
	EndGlobalSection
EndGlobal
